
Microsoft Visual Studio Solution File, Format Version 12.00
# Visual Studio Version 16
VisualStudioVersion = 16.0.31019.35
MinimumVisualStudioVersion = 10.0.40219.1
Project("{FAE04EC0-301F-11D3-BF4B-00C04F79EFBC}") = "experian", "experian\experian.csproj", "{08212C1C-0231-4AC0-85D0-71D06098A0B4}"
EndProject
Global
	GlobalSection(SolutionConfigurationPlatforms) = preSolution
		Debug|Any CPU = Debug|Any CPU
		Release|Any CPU = Release|Any CPU
	EndGlobalSection
	GlobalSection(ProjectConfigurationPlatforms) = postSolution
		{08212C1C-0231-4AC0-85D0-71D06098A0B4}.Debug|Any CPU.ActiveCfg = Debug|Any CPU
		{08212C1C-0231-4AC0-85D0-71D06098A0B4}.Debug|Any CPU.Build.0 = Debug|Any CPU
		{08212C1C-0231-4AC0-85D0-71D06098A0B4}.Release|Any CPU.ActiveCfg = Release|Any CPU
		{08212C1C-0231-4AC0-85D0-71D06098A0B4}.Release|Any CPU.Build.0 = Release|Any CPU
	EndGlobalSection
	GlobalSection(SolutionProperties) = preSolution
		HideSolutionNode = FALSE
	EndGlobalSection
	GlobalSection(ExtensibilityGlobals) = postSolution
		SolutionGuid = {8F43F0A8-20E6-4DCC-B986-4B991CCA0B0F}
	EndGlobalSection
EndGlobal
